
Microsoft Visual Studio Solution File, Format Version 12.00
# Visual Studio Version 17
VisualStudioVersion = 17.13.35931.197 d17.13
MinimumVisualStudioVersion = 10.0.40219.1
Project("{FAE04EC0-301F-11D3-BF4B-00C04F79EFBC}") = "SEP490_SU25_G90", "SEP490_SU25_G90.csproj", "{990D57C1-42A6-48C1-92D3-78273E255CB1}"
EndProject
Global
	GlobalSection(SolutionConfigurationPlatforms) = preSolution
		Debug|Any CPU = Debug|Any CPU
		Release|Any CPU = Release|Any CPU
	EndGlobalSection
	GlobalSection(ProjectConfigurationPlatforms) = postSolution
		{990D57C1-42A6-48C1-92D3-78273E255CB1}.Debug|Any CPU.ActiveCfg = Debug|Any CPU
		{990D57C1-42A6-48C1-92D3-78273E255CB1}.Debug|Any CPU.Build.0 = Debug|Any CPU
		{990D57C1-42A6-48C1-92D3-78273E255CB1}.Release|Any CPU.ActiveCfg = Release|Any CPU
		{990D57C1-42A6-48C1-92D3-78273E255CB1}.Release|Any CPU.Build.0 = Release|Any CPU
	EndGlobalSection
	GlobalSection(SolutionProperties) = preSolution
		HideSolutionNode = FALSE
	EndGlobalSection
	GlobalSection(ExtensibilityGlobals) = postSolution
		SolutionGuid = {CD471DFC-F4BC-4393-B932-7F6770CA084E}
	EndGlobalSection
EndGlobal
